
Microsoft Visual Studio Solution File, Format Version 12.00
# Visual Studio Version 17
VisualStudioVersion = 17.5.33516.290
MinimumVisualStudioVersion = 10.0.40219.1
Project("{F184B08F-C81C-45F6-A57F-5ABD9991F28F}") = "Database", "Database.vbproj", "{6B31D57C-8C7F-41B3-B567-B081092D1E8E}"
EndProject
Global
	GlobalSection(SolutionConfigurationPlatforms) = preSolution
		Debug|Any CPU = Debug|Any CPU
		Release|Any CPU = Release|Any CPU
	EndGlobalSection
	GlobalSection(ProjectConfigurationPlatforms) = postSolution
		{6B31D57C-8C7F-41B3-B567-B081092D1E8E}.Debug|Any CPU.ActiveCfg = Debug|Any CPU
		{6B31D57C-8C7F-41B3-B567-B081092D1E8E}.Debug|Any CPU.Build.0 = Debug|Any CPU
		{6B31D57C-8C7F-41B3-B567-B081092D1E8E}.Release|Any CPU.ActiveCfg = Release|Any CPU
		{6B31D57C-8C7F-41B3-B567-B081092D1E8E}.Release|Any CPU.Build.0 = Release|Any CPU
	EndGlobalSection
	GlobalSection(SolutionProperties) = preSolution
		HideSolutionNode = FALSE
	EndGlobalSection
	GlobalSection(ExtensibilityGlobals) = postSolution
		SolutionGuid = {74E00B1F-27A6-4A12-A5A8-DE50E1B579EE}
	EndGlobalSection
EndGlobal
